github.com/cenkalti/backoff v2.1.1+incompatible h1:tKJnvO2kl0zmb/jA5UKAt4VoEVw1qxKWjE/Bpp46npY=
github.com/cenkalti/backoff v2.1.1+incompatible/go.mod h1:90ReRw6GdpyfrHakVjL/QHaoyV4aDUVVkXQJJJ3NXXM=
github.com/davecgh/go-spew v1.1.0/go.mod h1:J7Y8YcW2NihsgmVo/mv3lAwl/skON4iLHjSsI+c5H38=
github.com/dghubble/go-twitter v0.0.0-20200725221434-4bc8ad7ad1b4 h1:I60CX3+rWlBGPXR13jwxxBWB2GhlhZkEEh5o1eDLzJg=
github.com/dghubble/go-twitter v0.0.0-20200725221434-4bc8ad7ad1b4/go.mod h1:xfg4uS5LEzOj8PgZV7SQYRHbG7jPUnelEiaAVJxmhJE=
github.com/dghubble/oauth1 v0.6.0 h1:m1yC01Ohc/eF38jwZ8JUjL1a+XHHXtGQgK+MxQbmSx0=
github.com/dghubble/oauth1 v0.6.0/go.mod h1:8pFdfPkv/jr8mkChVbNVuJ0suiHe278BtWI4Tk1ujxk=
github.com/dghubble/sling v1.3.0 h1:pZHjCJq4zJvc6qVQ5wN1jo5oNZlNE0+8T/h0XeXBUKU=
github.com/dghubble/sling v1.3.0/go.mod h1:XXShWaBWKzNLhu2OxikSNFrlsvowtz4kyRuXUG7oQKY=
github.com/go-pg/pg v8.0.7+incompatible h1:ty/sXL1OZLo+47KK9N8llRcmbA9tZasqbQ/OO4ld53g=
github.com/go-pg/pg v8.0.7+incompatible/go.mod h1:a2oXow+aFOrvwcKs3eIA0lNFmMilrxK2sOkB5NWe0vA=
github.com/google/go-querystring v1.0.0 h1:Xkwi/a1rcvNg1PPYe5vI8GbeBY/jrVuDX5ASuANWTrk=
github.com/google/go-querystring v1.0.0/go.mod h1:odCYkC5MyYFN7vkCjXpyrEuKhc/BUO6wN/zVPAxq5ck=
github.com/jinzhu/inflection v1.0.0 h1:K317FqzuhWc8YvSVlFMCCUb36O/S9MCKRDI7QkRKD/E=
github.com/jinzhu/inflection v1.0.0/go.mod h1:h+uFLlag+Qp1Va5pdKtLDYj+kHp5pxUVkryuEj+Srlc=
github.com/pmezard/go-difflib v1.0.0/go.mod h1:iKH77koFhYxTK1pcRnkKkqfTogsbg7gZNVY4sRDYZ/4=
github.com/stretchr/objx v0.1.0/go.mod h1:HFkY916IF+rwdDfMAkV7OtwuqBVzrE8GR6GFx+wExME=
github.com/stretchr/testify v1.3.0/go.mod h1:M5WIy9Dh21IEIfnGCwXGc5bZfKNJtfHm1UVUgZn+9EI=
golang.org/x/crypto v0.0.0-20180910181607-0e37d006457b h1:2b9XGzhjiYsYPnKXoEfL7klWZQIt8IfyRCz62gCqqlQ=
golang.org/x/crypto v0.0.0-20180910181607-0e37d006457b/go.mod h1:6SG95UA2DQfeDnfUPMdvaQW0Q7yPrPDi9nlGo2tz2b4=
mellium.im/sasl v0.2.1 h1:nspKSRg7/SyO0cRGY71OkfHab8tf9kCts6a6oTDut0w=
mellium.im/sasl v0.2.1/go.mod h1:ROaEDLQNuf9vjKqE1SrAfnsobm2YKXT1gnN1uDp1PjQ=
